
Microsoft Visual Studio Solution File, Format Version 12.00
# Visual Studio Version 17
VisualStudioVersion = 17.9.34902.65
MinimumVisualStudioVersion = 10.0.40219.1
Project("{FAE04EC0-301F-11D3-BF4B-00C04F79EFBC}") = "CrudDataApplication", "CrudDataApplication\CrudDataApplication.csproj", "{652158DE-7A3F-4F9B-AE27-F76FED2019A7}"
EndProject
Global
	GlobalSection(SolutionConfigurationPlatforms) = preSolution
		Debug|Any CPU = Debug|Any CPU
		Release|Any CPU = Release|Any CPU
	EndGlobalSection
	GlobalSection(ProjectConfigurationPlatforms) = postSolution
		{652158DE-7A3F-4F9B-AE27-F76FED2019A7}.Debug|Any CPU.ActiveCfg = Debug|Any CPU
		{652158DE-7A3F-4F9B-AE27-F76FED2019A7}.Debug|Any CPU.Build.0 = Debug|Any CPU
		{652158DE-7A3F-4F9B-AE27-F76FED2019A7}.Release|Any CPU.ActiveCfg = Release|Any CPU
		{652158DE-7A3F-4F9B-AE27-F76FED2019A7}.Release|Any CPU.Build.0 = Release|Any CPU
	EndGlobalSection
	GlobalSection(SolutionProperties) = preSolution
		HideSolutionNode = FALSE
	EndGlobalSection
	GlobalSection(ExtensibilityGlobals) = postSolution
		SolutionGuid = {A1C96319-EEBF-4161-B67E-64411A6FA100}
	EndGlobalSection
EndGlobal
